# THIS IS AN AUTOGENERATED FILE. DO NOT EDIT THIS FILE DIRECTLY.
# yarn lockfile v1


dayjs@^1.10.7:
  version "1.10.7"
  resolved "https://registry.yarnpkg.com/dayjs/-/dayjs-1.10.7.tgz#2cf5f91add28116748440866a0a1d26f3a6ce468"
  integrity sha512-P6twpd70BcPK34K26uJ1KT3wlhpuOAPoMwJzpsIWUxHZ7wpmbdZL/hQqBDfz7hGurYSa5PhzdhDHtt319hL3ig==

react-hook-form@^7.27.1:
  version "7.27.1"
  resolved "https://registry.yarnpkg.com/react-hook-form/-/react-hook-form-7.27.1.tgz#fe5fbcb6bf58751f66d9569e998d671480cc57f6"
  integrity sha512-N3a7A6zIQ8DJeThisVZGtOUabTbJw+7DHJidmB9w8m3chckv2ZWKb5MHps9d2pPJqmCDoWe53Bos56bYmJms5w==
